// !$*UTF8*$!
{
	archiveVersion = 1;
	classes = {
	};
	objectVersion = 56;
	objects = {

/* Begin PBXBuildFile section */
		4DA2047D29035AED00A5F6A9 /* AppDelegate.swift in Sources */ = {isa = PBXBuildFile; fileRef = 4DA2047C29035AED00A5F6A9 /* AppDelegate.swift */; };
		4DA2047F29035AED00A5F6A9 /* SceneDelegate.swift in Sources */ = {isa = PBXBuildFile; fileRef = 4DA2047E29035AED00A5F6A9 /* SceneDelegate.swift */; };
		4DA2048129035AED00A5F6A9 /* ViewController.swift in Sources */ = {isa = PBXBuildFile; fileRef = 4DA2048029035AED00A5F6A9 /* ViewController.swift */; };
		4DA2048429035AED00A5F6A9 /* Main.storyboard in Resources */ = {isa = PBXBuildFile; fileRef = 4DA2048229035AED00A5F6A9 /* Main.storyboard */; };
		4DA2048629035AEE00A5F6A9 /* Assets.xcassets in Resources */ = {isa = PBXBuildFile; fileRef = 4DA2048529035AEE00A5F6A9 /* Assets.xcassets */; };
		4DA2048929035AEE00A5F6A9 /* LaunchScreen.storyboard in Resources */ = {isa = PBXBuildFile; fileRef = 4DA2048729035AEE00A5F6A9 /* LaunchScreen.storyboard */; };
		4DA2049229037BFC00A5F6A9 /* PlaylistModel.swift in Sources */ = {isa = PBXBuildFile; fileRef = 4DA2049129037BFC00A5F6A9 /* PlaylistModel.swift */; };
		4DA204942904307B00A5F6A9 /* VideoModel.swift in Sources */ = {isa = PBXBuildFile; fileRef = 4DA204932904307B00A5F6A9 /* VideoModel.swift */; };
		4DA20496290433BF00A5F6A9 /* ChannelModel.swift in Sources */ = {isa = PBXBuildFile; fileRef = 4DA20495290433BF00A5F6A9 /* ChannelModel.swift */; };
		4DA20498290436C900A5F6A9 /* PlaylistItemModel.swift in Sources */ = {isa = PBXBuildFile; fileRef = 4DA20497290436C900A5F6A9 /* PlaylistItemModel.swift */; };
		4DA2049B290437E600A5F6A9 /* RootPageViewController.swift in Sources */ = {isa = PBXBuildFile; fileRef = 4DA2049A290437E600A5F6A9 /* RootPageViewController.swift */; };
		4DA2049D290437FF00A5F6A9 /* MainViewController.swift in Sources */ = {isa = PBXBuildFile; fileRef = 4DA2049C290437FF00A5F6A9 /* MainViewController.swift */; };
/* End PBXBuildFile section */

/* Begin PBXFileReference section */
		4DA2047929035AED00A5F6A9 /* youtubeClone.app */ = {isa = PBXFileReference; explicitFileType = wrapper.application; includeInIndex = 0; path = youtubeClone.app; sourceTree = BUILT_PRODUCTS_DIR; };
		4DA2047C29035AED00A5F6A9 /* AppDelegate.swift */ = {isa = PBXFileReference; lastKnownFileType = sourcecode.swift; path = AppDelegate.swift; sourceTree = "<group>"; };
		4DA2047E29035AED00A5F6A9 /* SceneDelegate.swift */ = {isa = PBXFileReference; lastKnownFileType = sourcecode.swift; path = SceneDelegate.swift; sourceTree = "<group>"; };
		4DA2048029035AED00A5F6A9 /* ViewController.swift */ = {isa = PBXFileReference; lastKnownFileType = sourcecode.swift; path = ViewController.swift; sourceTree = "<group>"; };
		4DA2048329035AED00A5F6A9 /* Base */ = {isa = PBXFileReference; lastKnownFileType = file.storyboard; name = Base; path = Base.lproj/Main.storyboard; sourceTree = "<group>"; };
		4DA2048529035AEE00A5F6A9 /* Assets.xcassets */ = {isa = PBXFileReference; lastKnownFileType = folder.assetcatalog; path = Assets.xcassets; sourceTree = "<group>"; };
		4DA2048829035AEE00A5F6A9 /* Base */ = {isa = PBXFileReference; lastKnownFileType = file.storyboard; name = Base; path = Base.lproj/LaunchScreen.storyboard; sourceTree = "<group>"; };
		4DA2048A29035AEE00A5F6A9 /* Info.plist */ = {isa = PBXFileReference; lastKnownFileType = text.plist.xml; path = Info.plist; sourceTree = "<group>"; };
		4DA2049129037BFC00A5F6A9 /* PlaylistModel.swift */ = {isa = PBXFileReference; lastKnownFileType = sourcecode.swift; path = PlaylistModel.swift; sourceTree = "<group>"; };
		4DA204932904307B00A5F6A9 /* VideoModel.swift */ = {isa = PBXFileReference; lastKnownFileType = sourcecode.swift; path = VideoModel.swift; sourceTree = "<group>"; };
		4DA20495290433BF00A5F6A9 /* ChannelModel.swift */ = {isa = PBXFileReference; lastKnownFileType = sourcecode.swift; path = ChannelModel.swift; sourceTree = "<group>"; };
		4DA20497290436C900A5F6A9 /* PlaylistItemModel.swift */ = {isa = PBXFileReference; lastKnownFileType = sourcecode.swift; path = PlaylistItemModel.swift; sourceTree = "<group>"; };
		4DA2049A290437E600A5F6A9 /* RootPageViewController.swift */ = {isa = PBXFileReference; lastKnownFileType = sourcecode.swift; path = RootPageViewController.swift; sourceTree = "<group>"; };
		4DA2049C290437FF00A5F6A9 /* MainViewController.swift */ = {isa = PBXFileReference; lastKnownFileType = sourcecode.swift; path = MainViewController.swift; sourceTree = "<group>"; };
/* End PBXFileReference section */

/* Begin PBXFrameworksBuildPhase section */
		4DA2047629035AED00A5F6A9 /* Frameworks */ = {
			isa = PBXFrameworksBuildPhase;
			buildActionMask = 2147483647;
			files = (
			);
			runOnlyForDeploymentPostprocessing = 0;
		};
/* End PBXFrameworksBuildPhase section */

/* Begin PBXGroup section */
		4DA2047029035AED00A5F6A9 = {
			isa = PBXGroup;
			children = (
				4DA2047B29035AED00A5F6A9 /* youtubeClone */,
				4DA2047A29035AED00A5F6A9 /* Products */,
			);
			sourceTree = "<group>";
		};
		4DA2047A29035AED00A5F6A9 /* Products */ = {
			isa = PBXGroup;
			children = (
				4DA2047929035AED00A5F6A9 /* youtubeClone.app */,
			);
			name = Products;
			sourceTree = "<group>";
		};
		4DA2047B29035AED00A5F6A9 /* youtubeClone */ = {
			isa = PBXGroup;
			children = (
				4DA20499290437C800A5F6A9 /* Main */,
				4DA2049029037BC600A5F6A9 /* Model */,
				4DA2047C29035AED00A5F6A9 /* AppDelegate.swift */,
				4DA2047E29035AED00A5F6A9 /* SceneDelegate.swift */,
				4DA2048029035AED00A5F6A9 /* ViewController.swift */,
				4DA2048229035AED00A5F6A9 /* Main.storyboard */,
				4DA2048529035AEE00A5F6A9 /* Assets.xcassets */,
				4DA2048729035AEE00A5F6A9 /* LaunchScreen.storyboard */,
				4DA2048A29035AEE00A5F6A9 /* Info.plist */,
			);
			path = youtubeClone;
			sourceTree = "<group>";
		};
		4DA2049029037BC600A5F6A9 /* Model */ = {
			isa = PBXGroup;
			children = (
				4DA2049129037BFC00A5F6A9 /* PlaylistModel.swift */,
				4DA204932904307B00A5F6A9 /* VideoModel.swift */,
				4DA20495290433BF00A5F6A9 /* ChannelModel.swift */,
				4DA20497290436C900A5F6A9 /* PlaylistItemModel.swift */,
			);
			path = Model;
			sourceTree = "<group>";
		};
		4DA20499290437C800A5F6A9 /* Main */ = {
			isa = PBXGroup;
			children = (
				4DA2049A290437E600A5F6A9 /* RootPageViewController.swift */,
				4DA2049C290437FF00A5F6A9 /* MainViewController.swift */,
			);
			path = Main;
			sourceTree = "<group>";
		};
/* End PBXGroup section */

/* Begin PBXNativeTarget section */
		4DA2047829035AED00A5F6A9 /* youtubeClone */ = {
			isa = PBXNativeTarget;
			buildConfigurationList = 4DA2048D29035AEE00A5F6A9 /* Build configuration list for PBXNativeTarget "youtubeClone" */;
			buildPhases = (
				4DA2047529035AED00A5F6A9 /* Sources */,
				4DA2047629035AED00A5F6A9 /* Frameworks */,
				4DA2047729035AED00A5F6A9 /* Resources */,
			);
			buildRules = (
			);
			dependencies = (
			);
			name = youtubeClone;
			productName = youtubeClone;
			productReference = 4DA2047929035AED00A5F6A9 /* youtubeClone.app */;
			productType = "com.apple.product-type.application";
		};
/* End PBXNativeTarget section */

/* Begin PBXProject section */
		4DA2047129035AED00A5F6A9 /* Project object */ = {
			isa = PBXProject;
			attributes = {
				BuildIndependentTargetsInParallel = 1;
				LastSwiftUpdateCheck = 1400;
				LastUpgradeCheck = 1400;
				TargetAttributes = {
					4DA2047829035AED00A5F6A9 = {
						CreatedOnToolsVersion = 14.0.1;
					};
				};
			};
			buildConfigurationList = 4DA2047429035AED00A5F6A9 /* Build configuration list for PBXProject "youtubeClone" */;
			compatibilityVersion = "Xcode 14.0";
			developmentRegion = en;
			hasScannedForEncodings = 0;
			knownRegions = (
				en,
				Base,
			);
			mainGroup = 4DA2047029035AED00A5F6A9;
			productRefGroup = 4DA2047A29035AED00A5F6A9 /* Products */;
			projectDirPath = "";
			projectRoot = "";
			targets = (
				4DA2047829035AED00A5F6A9 /* youtubeClone */,
			);
		};
/* End PBXProject section */

/* Begin PBXResourcesBuildPhase section */
		4DA2047729035AED00A5F6A9 /* Resources */ = {
			isa = PBXResourcesBuildPhase;
			buildActionMask = 2147483647;
			files = (
				4DA2048929035AEE00A5F6A9 /* LaunchScreen.storyboard in Resources */,
				4DA2048629035AEE00A5F6A9 /* Assets.xcassets in Resources */,
				4DA2048429035AED00A5F6A9 /* Main.storyboard in Resources */,
			);
			runOnlyForDeploymentPostprocessing = 0;
		};
/* End PBXResourcesBuildPhase section */

/* Begin PBXSourcesBuildPhase section */
		4DA2047529035AED00A5F6A9 /* Sources */ = {
			isa = PBXSourcesBuildPhase;
			buildActionMask = 2147483647;
			files = (
				4DA2048129035AED00A5F6A9 /* ViewController.swift in Sources */,
				4DA20496290433BF00A5F6A9 /* ChannelModel.swift in Sources */,
				4DA2049229037BFC00A5F6A9 /* PlaylistModel.swift in Sources */,
				4DA2047D29035AED00A5F6A9 /* AppDelegate.swift in Sources */,
				4DA204942904307B00A5F6A9 /* VideoModel.swift in Sources */,
				4DA2047F29035AED00A5F6A9 /* SceneDelegate.swift in Sources */,
				4DA2049D290437FF00A5F6A9 /* MainViewController.swift in Sources */,
				4DA20498290436C900A5F6A9 /* PlaylistItemModel.swift in Sources */,
				4DA2049B290437E600A5F6A9 /* RootPageViewController.swift in Sources */,
			);
			runOnlyForDeploymentPostprocessing = 0;
		};
/* End PBXSourcesBuildPhase section */

/* Begin PBXVariantGroup section */
		4DA2048229035AED00A5F6A9 /* Main.storyboard */ = {
			isa = PBXVariantGroup;
			children = (
				4DA2048329035AED00A5F6A9 /* Base */,
			);
			name = Main.storyboard;
			sourceTree = "<group>";
		};
		4DA2048729035AEE00A5F6A9 /* LaunchScreen.storyboard */ = {
			isa = PBXVariantGroup;
			children = (
				4DA2048829035AEE00A5F6A9 /* Base */,
			);
			name = LaunchScreen.storyboard;
			sourceTree = "<group>";
		};
/* End PBXVariantGroup section */

/* Begin XCBuildConfiguration section */
		4DA2048B29035AEE00A5F6A9 /* Debug */ = {
			isa = XCBuildConfiguration;
			buildSettings = {
				ALWAYS_SEARCH_USER_PATHS = NO;
				CLANG_ANALYZER_NONNULL = YES;
				CLANG_ANALYZER_NUMBER_OBJECT_CONVERSION = YES_AGGRESSIVE;
				CLANG_CXX_LANGUAGE_STANDARD = "gnu++20";
				CLANG_ENABLE_MODULES = YES;
				CLANG_ENABLE_OBJC_ARC = YES;
				CLANG_ENABLE_OBJC_WEAK = YES;
				CLANG_WARN_BLOCK_CAPTURE_AUTORELEASING = YES;
				CLANG_WARN_BOOL_CONVERSION = YES;
				CLANG_WARN_COMMA = YES;
				CLANG_WARN_CONSTANT_CONVERSION = YES;
				CLANG_WARN_DEPRECATED_OBJC_IMPLEMENTATIONS = YES;
				CLANG_WARN_DIRECT_OBJC_ISA_USAGE = YES_ERROR;
				CLANG_WARN_DOCUMENTATION_COMMENTS = YES;
				CLANG_WARN_EMPTY_BODY = YES;
				CLANG_WARN_ENUM_CONVERSION = YES;
				CLANG_WARN_INFINITE_RECURSION = YES;
				CLANG_WARN_INT_CONVERSION = YES;
				CLANG_WARN_NON_LITERAL_NULL_CONVERSION = YES;
				CLANG_WARN_OBJC_IMPLICIT_RETAIN_SELF = YES;
				CLANG_WARN_OBJC_LITERAL_CONVERSION = YES;
				CLANG_WARN_OBJC_ROOT_CLASS = YES_ERROR;
				CLANG_WARN_QUOTED_INCLUDE_IN_FRAMEWORK_HEADER = YES;
				CLANG_WARN_RANGE_LOOP_ANALYSIS = YES;
				CLANG_WARN_STRICT_PROTOTYPES = YES;
				CLANG_WARN_SUSPICIOUS_MOVE = YES;
				CLANG_WARN_UNGUARDED_AVAILABILITY = YES_AGGRESSIVE;
				CLANG_WARN_UNREACHABLE_CODE = YES;
				CLANG_WARN__DUPLICATE_METHOD_MATCH = YES;
				COPY_PHASE_STRIP = NO;
				DEBUG_INFORMATION_FORMAT = dwarf;
				ENABLE_STRICT_OBJC_MSGSEND = YES;
				ENABLE_TESTABILITY = YES;
				GCC_C_LANGUAGE_STANDARD = gnu11;
				GCC_DYNAMIC_NO_PIC = NO;
				GCC_NO_COMMON_BLOCKS = YES;
				GCC_OPTIMIZATION_LEVEL = 0;
				GCC_PREPROCESSOR_DEFINITIONS = (
					"DEBUG=1",
					"$(inherited)",
				);
				GCC_WARN_64_TO_32_BIT_CONVERSION = YES;
				GCC_WARN_ABOUT_RETURN_TYPE = YES_ERROR;
				GCC_WARN_UNDECLARED_SELECTOR = YES;
				GCC_WARN_UNINITIALIZED_AUTOS = YES_AGGRESSIVE;
				GCC_WARN_UNUSED_FUNCTION = YES;
				GCC_WARN_UNUSED_VARIABLE = YES;
				IPHONEOS_DEPLOYMENT_TARGET = 16.0;
				MTL_ENABLE_DEBUG_INFO = INCLUDE_SOURCE;
				MTL_FAST_MATH = YES;
				ONLY_ACTIVE_ARCH = YES;
				SDKROOT = iphoneos;
				SWIFT_ACTIVE_COMPILATION_CONDITIONS = DEBUG;
				SWIFT_OPTIMIZATION_LEVEL = "-Onone";
			};
			name = Debug;
		};
		4DA2048C29035AEE00A5F6A9 /* Release */ = {
			isa = XCBuildConfiguration;
			buildSettings = {
				ALWAYS_SEARCH_USER_PATHS = NO;
				CLANG_ANALYZER_NONNULL = YES;
				CLANG_ANALYZER_NUMBER_OBJECT_CONVERSION = YES_AGGRESSIVE;
				CLANG_CXX_LANGUAGE_STANDARD = "gnu++20";
				CLANG_ENABLE_MODULES = YES;
				CLANG_ENABLE_OBJC_ARC = YES;
				CLANG_ENABLE_OBJC_WEAK = YES;
				CLANG_WARN_BLOCK_CAPTURE_AUTORELEASING = YES;
				CLANG_WARN_BOOL_CONVERSION = YES;
				CLANG_WARN_COMMA = YES;
				CLANG_WARN_CONSTANT_CONVERSION = YES;
				CLANG_WARN_DEPRECATED_OBJC_IMPLEMENTATIONS = YES;
				CLANG_WARN_DIRECT_OBJC_ISA_USAGE = YES_ERROR;
				CLANG_WARN_DOCUMENTATION_COMMENTS = YES;
				CLANG_WARN_EMPTY_BODY = YES;
				CLANG_WARN_ENUM_CONVERSION = YES;
				CLANG_WARN_INFINITE_RECURSION = YES;
				CLANG_WARN_INT_CONVERSION = YES;
				CLANG_WARN_NON_LITERAL_NULL_CONVERSION = YES;
				CLANG_WARN_OBJC_IMPLICIT_RETAIN_SELF = YES;
				CLANG_WARN_OBJC_LITERAL_CONVERSION = YES;
				CLANG_WARN_OBJC_ROOT_CLASS = YES_ERROR;
				CLANG_WARN_QUOTED_INCLUDE_IN_FRAMEWORK_HEADER = YES;
				CLANG_WARN_RANGE_LOOP_ANALYSIS = YES;
				CLANG_WARN_STRICT_PROTOTYPES = YES;
				CLANG_WARN_SUSPICIOUS_MOVE = YES;
				CLANG_WARN_UNGUARDED_AVAILABILITY = YES_AGGRESSIVE;
				CLANG_WARN_UNREACHABLE_CODE = YES;
				CLANG_WARN__DUPLICATE_METHOD_MATCH = YES;
				COPY_PHASE_STRIP = NO;
				DEBUG_INFORMATION_FORMAT = "dwarf-with-dsym";
				ENABLE_NS_ASSERTIONS = NO;
				ENABLE_STRICT_OBJC_MSGSEND = YES;
				GCC_C_LANGUAGE_STANDARD = gnu11;
				GCC_NO_COMMON_BLOCKS = YES;
				GCC_WARN_64_TO_32_BIT_CONVERSION = YES;
				GCC_WARN_ABOUT_RETURN_TYPE = YES_ERROR;
				GCC_WARN_UNDECLARED_SELECTOR = YES;
				GCC_WARN_UNINITIALIZED_AUTOS = YES_AGGRESSIVE;
				GCC_WARN_UNUSED_FUNCTION = YES;
				GCC_WARN_UNUSED_VARIABLE = YES;
				IPHONEOS_DEPLOYMENT_TARGET = 16.0;
				MTL_ENABLE_DEBUG_INFO = NO;
				MTL_FAST_MATH = YES;
				SDKROOT = iphoneos;
				SWIFT_COMPILATION_MODE = wholemodule;
				SWIFT_OPTIMIZATION_LEVEL = "-O";
				VALIDATE_PRODUCT = YES;
			};
			name = Release;
		};
		4DA2048E29035AEE00A5F6A9 /* Debug */ = {
			isa = XCBuildConfiguration;
			buildSettings = {
				ASSETCATALOG_COMPILER_APPICON_NAME = AppIcon;
				ASSETCATALOG_COMPILER_GLOBAL_ACCENT_COLOR_NAME = AccentColor;
				CODE_SIGN_STYLE = Automatic;
				CURRENT_PROJECT_VERSION = 1;
				DEVELOPMENT_TEAM = 8PX3D8K5XJ;
				GENERATE_INFOPLIST_FILE = YES;
				INFOPLIST_FILE = youtubeClone/Info.plist;
				INFOPLIST_KEY_UIApplicationSupportsIndirectInputEvents = YES;
				INFOPLIST_KEY_UILaunchStoryboardName = LaunchScreen;
				INFOPLIST_KEY_UIMainStoryboardFile = Main;
				INFOPLIST_KEY_UISupportedInterfaceOrientations_iPad = "UIInterfaceOrientationPortrait UIInterfaceOrientationPortraitUpsideDown UIInterfaceOrientationLandscapeLeft UIInterfaceOrientationLandscapeRight";
				INFOPLIST_KEY_UISupportedInterfaceOrientations_iPhone = "UIInterfaceOrientationPortrait UIInterfaceOrientationLandscapeLeft UIInterfaceOrientationLandscapeRight";
				LD_RUNPATH_SEARCH_PATHS = (
					"$(inherited)",
					"@executable_path/Frameworks",
				);
				MARKETING_VERSION = 1.0;
				PRODUCT_BUNDLE_IDENTIFIER = com.lucianoCastro.youtubeClone;
				PRODUCT_NAME = "$(TARGET_NAME)";
				SWIFT_EMIT_LOC_STRINGS = YES;
				SWIFT_VERSION = 5.0;
				TARGETED_DEVICE_FAMILY = "1,2";
			};
			name = Debug;
		};
		4DA2048F29035AEE00A5F6A9 /* Release */ = {
			isa = XCBuildConfiguration;
			buildSettings = {
				ASSETCATALOG_COMPILER_APPICON_NAME = AppIcon;
				ASSETCATALOG_COMPILER_GLOBAL_ACCENT_COLOR_NAME = AccentColor;
				CODE_SIGN_STYLE = Automatic;
				CURRENT_PROJECT_VERSION = 1;
				DEVELOPMENT_TEAM = 8PX3D8K5XJ;
				GENERATE_INFOPLIST_FILE = YES;
				INFOPLIST_FILE = youtubeClone/Info.plist;
				INFOPLIST_KEY_UIApplicationSupportsIndirectInputEvents = YES;
				INFOPLIST_KEY_UILaunchStoryboardName = LaunchScreen;
				INFOPLIST_KEY_UIMainStoryboardFile = Main;
				INFOPLIST_KEY_UISupportedInterfaceOrientations_iPad = "UIInterfaceOrientationPortrait UIInterfaceOrientationPortraitUpsideDown UIInterfaceOrientationLandscapeLeft UIInterfaceOrientationLandscapeRight";
				INFOPLIST_KEY_UISupportedInterfaceOrientations_iPhone = "UIInterfaceOrientationPortrait UIInterfaceOrientationLandscapeLeft UIInterfaceOrientationLandscapeRight";
				LD_RUNPATH_SEARCH_PATHS = (
					"$(inherited)",
					"@executable_path/Frameworks",
				);
				MARKETING_VERSION = 1.0;
				PRODUCT_BUNDLE_IDENTIFIER = com.lucianoCastro.youtubeClone;
				PRODUCT_NAME = "$(TARGET_NAME)";
				SWIFT_EMIT_LOC_STRINGS = YES;
				SWIFT_VERSION = 5.0;
				TARGETED_DEVICE_FAMILY = "1,2";
			};
			name = Release;
		};
/* End XCBuildConfiguration section */

/* Begin XCConfigurationList section */
		4DA2047429035AED00A5F6A9 /* Build configuration list for PBXProject "youtubeClone" */ = {
			isa = XCConfigurationList;
			buildConfigurations = (
				4DA2048B29035AEE00A5F6A9 /* Debug */,
				4DA2048C29035AEE00A5F6A9 /* Release */,
			);
			defaultConfigurationIsVisible = 0;
			defaultConfigurationName = Release;
		};
		4DA2048D29035AEE00A5F6A9 /* Build configuration list for PBXNativeTarget "youtubeClone" */ = {
			isa = XCConfigurationList;
			buildConfigurations = (
				4DA2048E29035AEE00A5F6A9 /* Debug */,
				4DA2048F29035AEE00A5F6A9 /* Release */,
			);
			defaultConfigurationIsVisible = 0;
			defaultConfigurationName = Release;
		};
/* End XCConfigurationList section */
	};
	rootObject = 4DA2047129035AED00A5F6A9 /* Project object */;
}
